// !$*UTF8*$!
{
	archiveVersion = 1;
	classes = {
	};
	objectVersion = 46;
	objects = {

/* Begin PBXBuildFile section */
		1F8E28383369C220F9BC9BFF /* libPods-Cross-Platform-TODO-List.a in Frameworks */ = {isa = PBXBuildFile; fileRef = D33390160ADE5A1B974365F3 /* libPods-Cross-Platform-TODO-List.a */; };
		BCBB89061EC0DE6F009C7A3E /* main.m in Sources */ = {isa = PBXBuildFile; fileRef = BCBB89051EC0DE6F009C7A3E /* main.m */; };
		BCBB89091EC0DE6F009C7A3E /* AppDelegate.m in Sources */ = {isa = PBXBuildFile; fileRef = BCBB89081EC0DE6F009C7A3E /* AppDelegate.m */; };
		BCBB890C1EC0DE6F009C7A3E /* ViewController.m in Sources */ = {isa = PBXBuildFile; fileRef = BCBB890B1EC0DE6F009C7A3E /* ViewController.m */; };
		BCBB890F1EC0DE6F009C7A3E /* Main.storyboard in Resources */ = {isa = PBXBuildFile; fileRef = BCBB890D1EC0DE6F009C7A3E /* Main.storyboard */; };
		BCBB89111EC0DE6F009C7A3E /* Assets.xcassets in Resources */ = {isa = PBXBuildFile; fileRef = BCBB89101EC0DE6F009C7A3E /* Assets.xcassets */; };
		BCBB89141EC0DE6F009C7A3E /* LaunchScreen.storyboard in Resources */ = {isa = PBXBuildFile; fileRef = BCBB89121EC0DE6F009C7A3E /* LaunchScreen.storyboard */; };
		BCBB891C1EC0DFFE009C7A3E /* GoogleService-Info.plist in Resources */ = {isa = PBXBuildFile; fileRef = BCBB891B1EC0DFFE009C7A3E /* GoogleService-Info.plist */; };
		BCF1B3D81EC0EBC900A1A4BF /* LoginViewController.m in Sources */ = {isa = PBXBuildFile; fileRef = BCF1B3D71EC0EBC900A1A4BF /* LoginViewController.m */; };
/* End PBXBuildFile section */

/* Begin PBXFileReference section */
		3A7A484BBA35367A6BE7614F /* Pods-Cross-Platform-TODO-List.release.xcconfig */ = {isa = PBXFileReference; includeInIndex = 1; lastKnownFileType = text.xcconfig; name = "Pods-Cross-Platform-TODO-List.release.xcconfig"; path = "Pods/Target Support Files/Pods-Cross-Platform-TODO-List/Pods-Cross-Platform-TODO-List.release.xcconfig"; sourceTree = "<group>"; };
		BCBB89011EC0DE6F009C7A3E /* Cross-Platform-TODO-List.app */ = {isa = PBXFileReference; explicitFileType = wrapper.application; includeInIndex = 0; path = "Cross-Platform-TODO-List.app"; sourceTree = BUILT_PRODUCTS_DIR; };
		BCBB89051EC0DE6F009C7A3E /* main.m */ = {isa = PBXFileReference; lastKnownFileType = sourcecode.c.objc; path = main.m; sourceTree = "<group>"; };
		BCBB89071EC0DE6F009C7A3E /* AppDelegate.h */ = {isa = PBXFileReference; lastKnownFileType = sourcecode.c.h; path = AppDelegate.h; sourceTree = "<group>"; };
		BCBB89081EC0DE6F009C7A3E /* AppDelegate.m */ = {isa = PBXFileReference; lastKnownFileType = sourcecode.c.objc; path = AppDelegate.m; sourceTree = "<group>"; };
		BCBB890A1EC0DE6F009C7A3E /* ViewController.h */ = {isa = PBXFileReference; lastKnownFileType = sourcecode.c.h; path = ViewController.h; sourceTree = "<group>"; };
		BCBB890B1EC0DE6F009C7A3E /* ViewController.m */ = {isa = PBXFileReference; lastKnownFileType = sourcecode.c.objc; path = ViewController.m; sourceTree = "<group>"; };
		BCBB890E1EC0DE6F009C7A3E /* Base */ = {isa = PBXFileReference; lastKnownFileType = file.storyboard; name = Base; path = Base.lproj/Main.storyboard; sourceTree = "<group>"; };
		BCBB89101EC0DE6F009C7A3E /* Assets.xcassets */ = {isa = PBXFileReference; lastKnownFileType = folder.assetcatalog; path = Assets.xcassets; sourceTree = "<group>"; };
		BCBB89131EC0DE6F009C7A3E /* Base */ = {isa = PBXFileReference; lastKnownFileType = file.storyboard; name = Base; path = Base.lproj/LaunchScreen.storyboard; sourceTree = "<group>"; };
		BCBB89151EC0DE6F009C7A3E /* Info.plist */ = {isa = PBXFileReference; lastKnownFileType = text.plist.xml; path = Info.plist; sourceTree = "<group>"; };
		BCBB891B1EC0DFFE009C7A3E /* GoogleService-Info.plist */ = {isa = PBXFileReference; fileEncoding = 4; lastKnownFileType = text.plist.xml; path = "GoogleService-Info.plist"; sourceTree = "<group>"; };
		BCF1B3D61EC0EBC900A1A4BF /* LoginViewController.h */ = {isa = PBXFileReference; fileEncoding = 4; lastKnownFileType = sourcecode.c.h; path = LoginViewController.h; sourceTree = "<group>"; };
		BCF1B3D71EC0EBC900A1A4BF /* LoginViewController.m */ = {isa = PBXFileReference; fileEncoding = 4; lastKnownFileType = sourcecode.c.objc; path = LoginViewController.m; sourceTree = "<group>"; };
		BEA060FC4302252C998D2707 /* Pods-Cross-Platform-TODO-List.debug.xcconfig */ = {isa = PBXFileReference; includeInIndex = 1; lastKnownFileType = text.xcconfig; name = "Pods-Cross-Platform-TODO-List.debug.xcconfig"; path = "Pods/Target Support Files/Pods-Cross-Platform-TODO-List/Pods-Cross-Platform-TODO-List.debug.xcconfig"; sourceTree = "<group>"; };
		D33390160ADE5A1B974365F3 /* libPods-Cross-Platform-TODO-List.a */ = {isa = PBXFileReference; explicitFileType = archive.ar; includeInIndex = 0; path = "libPods-Cross-Platform-TODO-List.a"; sourceTree = BUILT_PRODUCTS_DIR; };
/* End PBXFileReference section */

/* Begin PBXFrameworksBuildPhase section */
		BCBB88FE1EC0DE6F009C7A3E /* Frameworks */ = {
			isa = PBXFrameworksBuildPhase;
			buildActionMask = 2147483647;
			files = (
				1F8E28383369C220F9BC9BFF /* libPods-Cross-Platform-TODO-List.a in Frameworks */,
			);
			runOnlyForDeploymentPostprocessing = 0;
		};
/* End PBXFrameworksBuildPhase section */

/* Begin PBXGroup section */
		0D99DFDB456E6326821798D6 /* Frameworks */ = {
			isa = PBXGroup;
			children = (
				D33390160ADE5A1B974365F3 /* libPods-Cross-Platform-TODO-List.a */,
			);
			name = Frameworks;
			sourceTree = "<group>";
		};
		6EE16CD064FC34C79E4A108A /* Pods */ = {
			isa = PBXGroup;
			children = (
				BEA060FC4302252C998D2707 /* Pods-Cross-Platform-TODO-List.debug.xcconfig */,
				3A7A484BBA35367A6BE7614F /* Pods-Cross-Platform-TODO-List.release.xcconfig */,
			);
			name = Pods;
			sourceTree = "<group>";
		};
		BCBB88F81EC0DE6F009C7A3E = {
			isa = PBXGroup;
			children = (
				BCBB89031EC0DE6F009C7A3E /* Cross-Platform-TODO-List */,
				BCBB89021EC0DE6F009C7A3E /* Products */,
				6EE16CD064FC34C79E4A108A /* Pods */,
				0D99DFDB456E6326821798D6 /* Frameworks */,
			);
			sourceTree = "<group>";
		};
		BCBB89021EC0DE6F009C7A3E /* Products */ = {
			isa = PBXGroup;
			children = (
				BCBB89011EC0DE6F009C7A3E /* Cross-Platform-TODO-List.app */,
			);
			name = Products;
			sourceTree = "<group>";
		};
		BCBB89031EC0DE6F009C7A3E /* Cross-Platform-TODO-List */ = {
			isa = PBXGroup;
			children = (
				BCBB89071EC0DE6F009C7A3E /* AppDelegate.h */,
				BCBB89081EC0DE6F009C7A3E /* AppDelegate.m */,
				BCF1B3DB1EC0F0A100A1A4BF /* model */,
				BCF1B3DA1EC0F09200A1A4BF /* view */,
				BCF1B3D91EC0F08600A1A4BF /* controller */,
				BCF1B3DC1EC0F0B400A1A4BF /* supporting */,
			);
			path = "Cross-Platform-TODO-List";
			sourceTree = "<group>";
		};
		BCBB89041EC0DE6F009C7A3E /* Supporting Files */ = {
			isa = PBXGroup;
			children = (
				BCBB89051EC0DE6F009C7A3E /* main.m */,
			);
			name = "Supporting Files";
			sourceTree = "<group>";
		};
		BCF1B3D91EC0F08600A1A4BF /* controller */ = {
			isa = PBXGroup;
			children = (
				BCBB890A1EC0DE6F009C7A3E /* ViewController.h */,
				BCBB890B1EC0DE6F009C7A3E /* ViewController.m */,
				BCF1B3D61EC0EBC900A1A4BF /* LoginViewController.h */,
				BCF1B3D71EC0EBC900A1A4BF /* LoginViewController.m */,
			);
			name = controller;
			sourceTree = "<group>";
		};
		BCF1B3DA1EC0F09200A1A4BF /* view */ = {
			isa = PBXGroup;
			children = (
				BCBB890D1EC0DE6F009C7A3E /* Main.storyboard */,
				BCBB89121EC0DE6F009C7A3E /* LaunchScreen.storyboard */,
			);
			name = view;
			sourceTree = "<group>";
		};
		BCF1B3DB1EC0F0A100A1A4BF /* model */ = {
			isa = PBXGroup;
			children = (
			);
			name = model;
			sourceTree = "<group>";
		};
		BCF1B3DC1EC0F0B400A1A4BF /* supporting */ = {
			isa = PBXGroup;
			children = (
				BCBB89101EC0DE6F009C7A3E /* Assets.xcassets */,
				BCBB89151EC0DE6F009C7A3E /* Info.plist */,
				BCBB891B1EC0DFFE009C7A3E /* GoogleService-Info.plist */,
				BCBB89041EC0DE6F009C7A3E /* Supporting Files */,
			);
			name = supporting;
			sourceTree = "<group>";
		};
/* End PBXGroup section */

/* Begin PBXNativeTarget section */
		BCBB89001EC0DE6F009C7A3E /* Cross-Platform-TODO-List */ = {
			isa = PBXNativeTarget;
			buildConfigurationList = BCBB89181EC0DE6F009C7A3E /* Build configuration list for PBXNativeTarget "Cross-Platform-TODO-List" */;
			buildPhases = (
				5D391E73C32BA147C0B339C6 /* [CP] Check Pods Manifest.lock */,
				BCBB88FD1EC0DE6F009C7A3E /* Sources */,
				BCBB88FE1EC0DE6F009C7A3E /* Frameworks */,
				BCBB88FF1EC0DE6F009C7A3E /* Resources */,
				1794BD4D95BE2220AF08A2C8 /* [CP] Embed Pods Frameworks */,
				B1731F2823A7EBDDD855E267 /* [CP] Copy Pods Resources */,
			);
			buildRules = (
			);
			dependencies = (
			);
			name = "Cross-Platform-TODO-List";
			productName = "Cross-Platform-TODO-List";
			productReference = BCBB89011EC0DE6F009C7A3E /* Cross-Platform-TODO-List.app */;
			productType = "com.apple.product-type.application";
		};
/* End PBXNativeTarget section */

/* Begin PBXProject section */
		BCBB88F91EC0DE6F009C7A3E /* Project object */ = {
			isa = PBXProject;
			attributes = {
				LastUpgradeCheck = 0830;
				ORGANIZATIONNAME = "Christina Lee";
				TargetAttributes = {
					BCBB89001EC0DE6F009C7A3E = {
						CreatedOnToolsVersion = 8.3.2;
						DevelopmentTeam = AYB4L38F4S;
						ProvisioningStyle = Automatic;
					};
				};
			};
			buildConfigurationList = BCBB88FC1EC0DE6F009C7A3E /* Build configuration list for PBXProject "Cross-Platform-TODO-List" */;
			compatibilityVersion = "Xcode 3.2";
			developmentRegion = English;
			hasScannedForEncodings = 0;
			knownRegions = (
				en,
				Base,
			);
			mainGroup = BCBB88F81EC0DE6F009C7A3E;
			productRefGroup = BCBB89021EC0DE6F009C7A3E /* Products */;
			projectDirPath = "";
			projectRoot = "";
			targets = (
				BCBB89001EC0DE6F009C7A3E /* Cross-Platform-TODO-List */,
			);
		};
/* End PBXProject section */

/* Begin PBXResourcesBuildPhase section */
		BCBB88FF1EC0DE6F009C7A3E /* Resources */ = {
			isa = PBXResourcesBuildPhase;
			buildActionMask = 2147483647;
			files = (
				BCBB89141EC0DE6F009C7A3E /* LaunchScreen.storyboard in Resources */,
				BCBB891C1EC0DFFE009C7A3E /* GoogleService-Info.plist in Resources */,
				BCBB89111EC0DE6F009C7A3E /* Assets.xcassets in Resources */,
				BCBB890F1EC0DE6F009C7A3E /* Main.storyboard in Resources */,
			);
			runOnlyForDeploymentPostprocessing = 0;
		};
/* End PBXResourcesBuildPhase section */

/* Begin PBXShellScriptBuildPhase section */
		1794BD4D95BE2220AF08A2C8 /* [CP] Embed Pods Frameworks */ = {
			isa = PBXShellScriptBuildPhase;
			buildActionMask = 2147483647;
			files = (
			);
			inputPaths = (
			);
			name = "[CP] Embed Pods Frameworks";
			outputPaths = (
			);
			runOnlyForDeploymentPostprocessing = 0;
			shellPath = /bin/sh;
			shellScript = "\"${SRCROOT}/Pods/Target Support Files/Pods-Cross-Platform-TODO-List/Pods-Cross-Platform-TODO-List-frameworks.sh\"\n";
			showEnvVarsInLog = 0;
		};
		5D391E73C32BA147C0B339C6 /* [CP] Check Pods Manifest.lock */ = {
			isa = PBXShellScriptBuildPhase;
			buildActionMask = 2147483647;
			files = (
			);
			inputPaths = (
			);
			name = "[CP] Check Pods Manifest.lock";
			outputPaths = (
			);
			runOnlyForDeploymentPostprocessing = 0;
			shellPath = /bin/sh;
			shellScript = "diff \"${PODS_ROOT}/../Podfile.lock\" \"${PODS_ROOT}/Manifest.lock\" > /dev/null\nif [ $? != 0 ] ; then\n    # print error to STDERR\n    echo \"error: The sandbox is not in sync with the Podfile.lock. Run 'pod install' or update your CocoaPods installation.\" >&2\n    exit 1\nfi\n";
			showEnvVarsInLog = 0;
		};
		B1731F2823A7EBDDD855E267 /* [CP] Copy Pods Resources */ = {
			isa = PBXShellScriptBuildPhase;
			buildActionMask = 2147483647;
			files = (
			);
			inputPaths = (
			);
			name = "[CP] Copy Pods Resources";
			outputPaths = (
			);
			runOnlyForDeploymentPostprocessing = 0;
			shellPath = /bin/sh;
			shellScript = "\"${SRCROOT}/Pods/Target Support Files/Pods-Cross-Platform-TODO-List/Pods-Cross-Platform-TODO-List-resources.sh\"\n";
			showEnvVarsInLog = 0;
		};
/* End PBXShellScriptBuildPhase section */

/* Begin PBXSourcesBuildPhase section */
		BCBB88FD1EC0DE6F009C7A3E /* Sources */ = {
			isa = PBXSourcesBuildPhase;
			buildActionMask = 2147483647;
			files = (
				BCF1B3D81EC0EBC900A1A4BF /* LoginViewController.m in Sources */,
				BCBB890C1EC0DE6F009C7A3E /* ViewController.m in Sources */,
				BCBB89091EC0DE6F009C7A3E /* AppDelegate.m in Sources */,
				BCBB89061EC0DE6F009C7A3E /* main.m in Sources */,
			);
			runOnlyForDeploymentPostprocessing = 0;
		};
/* End PBXSourcesBuildPhase section */

/* Begin PBXVariantGroup section */
		BCBB890D1EC0DE6F009C7A3E /* Main.storyboard */ = {
			isa = PBXVariantGroup;
			children = (
				BCBB890E1EC0DE6F009C7A3E /* Base */,
			);
			name = Main.storyboard;
			sourceTree = "<group>";
		};
		BCBB89121EC0DE6F009C7A3E /* LaunchScreen.storyboard */ = {
			isa = PBXVariantGroup;
			children = (
				BCBB89131EC0DE6F009C7A3E /* Base */,
			);
			name = LaunchScreen.storyboard;
			sourceTree = "<group>";
		};
/* End PBXVariantGroup section */

/* Begin XCBuildConfiguration section */
		BCBB89161EC0DE6F009C7A3E /* Debug */ = {
			isa = XCBuildConfiguration;
			buildSettings = {
				ALWAYS_SEARCH_USER_PATHS = NO;
				CLANG_ANALYZER_NONNULL = YES;
				CLANG_ANALYZER_NUMBER_OBJECT_CONVERSION = YES_AGGRESSIVE;
				CLANG_CXX_LANGUAGE_STANDARD = "gnu++0x";
				CLANG_CXX_LIBRARY = "libc++";
				CLANG_ENABLE_MODULES = YES;
				CLANG_ENABLE_OBJC_ARC = YES;
				CLANG_WARN_BOOL_CONVERSION = YES;
				CLANG_WARN_CONSTANT_CONVERSION = YES;
				CLANG_WARN_DIRECT_OBJC_ISA_USAGE = YES_ERROR;
				CLANG_WARN_DOCUMENTATION_COMMENTS = YES;
				CLANG_WARN_EMPTY_BODY = YES;
				CLANG_WARN_ENUM_CONVERSION = YES;
				CLANG_WARN_INFINITE_RECURSION = YES;
				CLANG_WARN_INT_CONVERSION = YES;
				CLANG_WARN_OBJC_ROOT_CLASS = YES_ERROR;
				CLANG_WARN_SUSPICIOUS_MOVE = YES;
				CLANG_WARN_UNREACHABLE_CODE = YES;
				CLANG_WARN__DUPLICATE_METHOD_MATCH = YES;
				"CODE_SIGN_IDENTITY[sdk=iphoneos*]" = "iPhone Developer";
				COPY_PHASE_STRIP = NO;
				DEBUG_INFORMATION_FORMAT = dwarf;
				ENABLE_STRICT_OBJC_MSGSEND = YES;
				ENABLE_TESTABILITY = YES;
				GCC_C_LANGUAGE_STANDARD = gnu99;
				GCC_DYNAMIC_NO_PIC = NO;
				GCC_NO_COMMON_BLOCKS = YES;
				GCC_OPTIMIZATION_LEVEL = 0;
				GCC_PREPROCESSOR_DEFINITIONS = (
					"DEBUG=1",
					"$(inherited)",
				);
				GCC_WARN_64_TO_32_BIT_CONVERSION = YES;
				GCC_WARN_ABOUT_RETURN_TYPE = YES_ERROR;
				GCC_WARN_UNDECLARED_SELECTOR = YES;
				GCC_WARN_UNINITIALIZED_AUTOS = YES_AGGRESSIVE;
				GCC_WARN_UNUSED_FUNCTION = YES;
				GCC_WARN_UNUSED_VARIABLE = YES;
				IPHONEOS_DEPLOYMENT_TARGET = 10.3;
				MTL_ENABLE_DEBUG_INFO = YES;
				ONLY_ACTIVE_ARCH = YES;
				SDKROOT = iphoneos;
				TARGETED_DEVICE_FAMILY = "1,2";
			};
			name = Debug;
		};
		BCBB89171EC0DE6F009C7A3E /* Release */ = {
			isa = XCBuildConfiguration;
			buildSettings = {
				ALWAYS_SEARCH_USER_PATHS = NO;
				CLANG_ANALYZER_NONNULL = YES;
				CLANG_ANALYZER_NUMBER_OBJECT_CONVERSION = YES_AGGRESSIVE;
				CLANG_CXX_LANGUAGE_STANDARD = "gnu++0x";
				CLANG_CXX_LIBRARY = "libc++";
				CLANG_ENABLE_MODULES = YES;
				CLANG_ENABLE_OBJC_ARC = YES;
				CLANG_WARN_BOOL_CONVERSION = YES;
				CLANG_WARN_CONSTANT_CONVERSION = YES;
				CLANG_WARN_DIRECT_OBJC_ISA_USAGE = YES_ERROR;
				CLANG_WARN_DOCUMENTATION_COMMENTS = YES;
				CLANG_WARN_EMPTY_BODY = YES;
				CLANG_WARN_ENUM_CONVERSION = YES;
				CLANG_WARN_INFINITE_RECURSION = YES;
				CLANG_WARN_INT_CONVERSION = YES;
				CLANG_WARN_OBJC_ROOT_CLASS = YES_ERROR;
				CLANG_WARN_SUSPICIOUS_MOVE = YES;
				CLANG_WARN_UNREACHABLE_CODE = YES;
				CLANG_WARN__DUPLICATE_METHOD_MATCH = YES;
				"CODE_SIGN_IDENTITY[sdk=iphoneos*]" = "iPhone Developer";
				COPY_PHASE_STRIP = NO;
				DEBUG_INFORMATION_FORMAT = "dwarf-with-dsym";
				ENABLE_NS_ASSERTIONS = NO;
				ENABLE_STRICT_OBJC_MSGSEND = YES;
				GCC_C_LANGUAGE_STANDARD = gnu99;
				GCC_NO_COMMON_BLOCKS = YES;
				GCC_WARN_64_TO_32_BIT_CONVERSION = YES;
				GCC_WARN_ABOUT_RETURN_TYPE = YES_ERROR;
				GCC_WARN_UNDECLARED_SELECTOR = YES;
				GCC_WARN_UNINITIALIZED_AUTOS = YES_AGGRESSIVE;
				GCC_WARN_UNUSED_FUNCTION = YES;
				GCC_WARN_UNUSED_VARIABLE = YES;
				IPHONEOS_DEPLOYMENT_TARGET = 10.3;
				MTL_ENABLE_DEBUG_INFO = NO;
				SDKROOT = iphoneos;
				TARGETED_DEVICE_FAMILY = "1,2";
				VALIDATE_PRODUCT = YES;
			};
			name = Release;
		};
		BCBB89191EC0DE6F009C7A3E /* Debug */ = {
			isa = XCBuildConfiguration;
			baseConfigurationReference = BEA060FC4302252C998D2707 /* Pods-Cross-Platform-TODO-List.debug.xcconfig */;
			buildSettings = {
				ASSETCATALOG_COMPILER_APPICON_NAME = AppIcon;
				DEVELOPMENT_TEAM = AYB4L38F4S;
				INFOPLIST_FILE = "Cross-Platform-TODO-List/Info.plist";
				LD_RUNPATH_SEARCH_PATHS = "$(inherited) @executable_path/Frameworks";
				PRODUCT_BUNDLE_IDENTIFIER = "com.christinalee.Cross-Platform-TODO-List";
				PRODUCT_NAME = "$(TARGET_NAME)";
			};
			name = Debug;
		};
		BCBB891A1EC0DE6F009C7A3E /* Release */ = {
			isa = XCBuildConfiguration;
			baseConfigurationReference = 3A7A484BBA35367A6BE7614F /* Pods-Cross-Platform-TODO-List.release.xcconfig */;
			buildSettings = {
				ASSETCATALOG_COMPILER_APPICON_NAME = AppIcon;
				DEVELOPMENT_TEAM = AYB4L38F4S;
				INFOPLIST_FILE = "Cross-Platform-TODO-List/Info.plist";
				LD_RUNPATH_SEARCH_PATHS = "$(inherited) @executable_path/Frameworks";
				PRODUCT_BUNDLE_IDENTIFIER = "com.christinalee.Cross-Platform-TODO-List";
				PRODUCT_NAME = "$(TARGET_NAME)";
			};
			name = Release;
		};
/* End XCBuildConfiguration section */

/* Begin XCConfigurationList section */
		BCBB88FC1EC0DE6F009C7A3E /* Build configuration list for PBXProject "Cross-Platform-TODO-List" */ = {
			isa = XCConfigurationList;
			buildConfigurations = (
				BCBB89161EC0DE6F009C7A3E /* Debug */,
				BCBB89171EC0DE6F009C7A3E /* Release */,
			);
			defaultConfigurationIsVisible = 0;
			defaultConfigurationName = Release;
		};
		BCBB89181EC0DE6F009C7A3E /* Build configuration list for PBXNativeTarget "Cross-Platform-TODO-List" */ = {
			isa = XCConfigurationList;
			buildConfigurations = (
				BCBB89191EC0DE6F009C7A3E /* Debug */,
				BCBB891A1EC0DE6F009C7A3E /* Release */,
			);
			defaultConfigurationIsVisible = 0;
			defaultConfigurationName = Release;
		};
/* End XCConfigurationList section */
	};
	rootObject = BCBB88F91EC0DE6F009C7A3E /* Project object */;
}
